<?xml version="1.0" encoding="utf-8"?>
<Project ToolsVersion="4.0" xmlns="http://schemas.microsoft.com/developer/msbuild/2003">
  <ItemGroup>
    <Filter Include="源文件">
      <UniqueIdentifier>{4FC737F1-C7A5-4376-A066-2A32D752A2FF}</UniqueIdentifier>
      <Extensions>cpp;c;cc;cxx;def;odl;idl;hpj;bat;asm;asmx</Extensions>
    </Filter>
    <Filter Include="头文件">
      <UniqueIdentifier>{93995380-89BD-4b04-88EB-625FBE52EBFB}</UniqueIdentifier>
      <Extensions>h;hh;hpp;hxx;hm;inl;inc;xsd</Extensions>
    </Filter>
    <Filter Include="资源文件">
      <UniqueIdentifier>{67DA6AB6-F800-4c08-8B7A-83BB121AAD01}</UniqueIdentifier>
      <Extensions>rc;ico;cur;bmp;dlg;rc2;rct;bin;rgs;gif;jpg;jpeg;jpe;resx;tiff;tif;png;wav;mfcribbon-ms</Extensions>
    </Filter>
  </ItemGroup>
  <ItemGroup>
    <ClCompile Include="..\src\custom_io.c">
      <Filter>源文件</Filter>
    </ClCompile>
    <ClCompile Include="..\src\forcing.c">
      <Filter>源文件</Filter>
    </ClCompile>
    <ClCompile Include="..\src\free_mem.c">
      <Filter>源文件</Filter>
    </ClCompile>
    <ClCompile Include="..\src\hydrol.c">
      <Filter>源文件</Filter>
    </ClCompile>
    <ClCompile Include="..\src\init_forc.c">
      <Filter>源文件</Filter>
    </ClCompile>
    <ClCompile Include="..\src\init_lc.c">
      <Filter>源文件</Filter>
    </ClCompile>
    <ClCompile Include="..\src\init_mesh.c">
      <Filter>源文件</Filter>
    </ClCompile>
    <ClCompile Include="..\src\init_river.c">
      <Filter>源文件</Filter>
    </ClCompile>
    <ClCompile Include="..\src\init_soil.c">
      <Filter>源文件</Filter>
    </ClCompile>
    <ClCompile Include="..\src\init_topo.c">
      <Filter>源文件</Filter>
    </ClCompile>
    <ClCompile Include="..\src\initialize.c">
      <Filter>源文件</Filter>
    </ClCompile>
    <ClCompile Include="..\src\is_sm_et.c">
      <Filter>源文件</Filter>
    </ClCompile>
    <ClCompile Include="..\src\lat_flow.c">
      <Filter>源文件</Filter>
    </ClCompile>
    <ClCompile Include="..\src\main.c">
      <Filter>源文件</Filter>
    </ClCompile>
    <ClCompile Include="..\src\map_output.c">
      <Filter>源文件</Filter>
    </ClCompile>
    <ClCompile Include="..\src\ode.c">
      <Filter>源文件</Filter>
    </ClCompile>
    <ClCompile Include="..\src\optparse.c">
      <Filter>源文件</Filter>
    </ClCompile>
    <ClCompile Include="..\src\pihm.c">
      <Filter>源文件</Filter>
    </ClCompile>
    <ClCompile Include="..\src\print.c">
      <Filter>源文件</Filter>
    </ClCompile>
    <ClCompile Include="..\src\read_alloc.c">
      <Filter>源文件</Filter>
    </ClCompile>
    <ClCompile Include="..\src\read_att.c">
      <Filter>源文件</Filter>
    </ClCompile>
    <ClCompile Include="..\src\read_bc.c">
      <Filter>源文件</Filter>
    </ClCompile>
    <ClCompile Include="..\src\read_calib.c">
      <Filter>源文件</Filter>
    </ClCompile>
    <ClCompile Include="..\src\read_forc.c">
      <Filter>源文件</Filter>
    </ClCompile>
    <ClCompile Include="..\src\read_func.c">
      <Filter>源文件</Filter>
    </ClCompile>
    <ClCompile Include="..\src\read_ic.c">
      <Filter>源文件</Filter>
    </ClCompile>
    <ClCompile Include="..\src\read_lai.c">
      <Filter>源文件</Filter>
    </ClCompile>
    <ClCompile Include="..\src\read_lc.c">
      <Filter>源文件</Filter>
    </ClCompile>
    <ClCompile Include="..\src\read_mesh.c">
      <Filter>源文件</Filter>
    </ClCompile>
    <ClCompile Include="..\src\read_para.c">
      <Filter>源文件</Filter>
    </ClCompile>
    <ClCompile Include="..\src\read_river.c">
      <Filter>源文件</Filter>
    </ClCompile>
    <ClCompile Include="..\src\read_soil.c">
      <Filter>源文件</Filter>
    </ClCompile>
    <ClCompile Include="..\src\read_tecplot.c">
      <Filter>源文件</Filter>
    </ClCompile>
    <ClCompile Include="..\src\river_flow.c">
      <Filter>源文件</Filter>
    </ClCompile>
    <ClCompile Include="..\src\soil.c">
      <Filter>源文件</Filter>
    </ClCompile>
    <ClCompile Include="..\src\spinup.c">
      <Filter>源文件</Filter>
    </ClCompile>
    <ClCompile Include="..\src\time_func.c">
      <Filter>源文件</Filter>
    </ClCompile>
    <ClCompile Include="..\src\update.c">
      <Filter>源文件</Filter>
    </ClCompile>
    <ClCompile Include="..\src\util_func.c">
      <Filter>源文件</Filter>
    </ClCompile>
    <ClCompile Include="..\src\vert_flow.c">
      <Filter>源文件</Filter>
    </ClCompile>
  </ItemGroup>
  <ItemGroup>
    <ClInclude Include="..\src\include\custom_io.h">
      <Filter>头文件</Filter>
    </ClInclude>
    <ClInclude Include="..\src\include\elem_struct.h">
      <Filter>头文件</Filter>
    </ClInclude>
    <ClInclude Include="..\src\include\optparse.h">
      <Filter>头文件</Filter>
    </ClInclude>
    <ClInclude Include="..\src\include\pihm.h">
      <Filter>头文件</Filter>
    </ClInclude>
    <ClInclude Include="..\src\include\pihm_const.h">
      <Filter>头文件</Filter>
    </ClInclude>
    <ClInclude Include="..\src\include\pihm_func.h">
      <Filter>头文件</Filter>
    </ClInclude>
    <ClInclude Include="..\src\include\pihm_input_struct.h">
      <Filter>头文件</Filter>
    </ClInclude>
    <ClInclude Include="..\src\include\pihm_struct.h">
      <Filter>头文件</Filter>
    </ClInclude>
    <ClInclude Include="..\src\include\river_struct.h">
      <Filter>头文件</Filter>
    </ClInclude>
    <ClInclude Include="..\src\include\spa.h">
      <Filter>头文件</Filter>
    </ClInclude>
  </ItemGroup>
</Project>